
Microsoft Visual Studio Solution File, Format Version 12.00
# Visual Studio 15
VisualStudioVersion = 15.0.27703.2035
MinimumVisualStudioVersion = 10.0.40219.1
Project("{9A19103F-16F7-4668-BE54-9A1E7A4F7556}") = "FlubuCore.Diff", "FlubuCore.Diff\FlubuCore.Diff.csproj", "{EA6558AE-955E-4531-AA71-D3992788FDE1}"
EndProject
Project("{9A19103F-16F7-4668-BE54-9A1E7A4F7556}") = "BuildScript", "BuildScript.csproj", "{861ACD39-2D80-4AE1-8348-F3945EB84D83}"
EndProject
Global
	GlobalSection(SolutionConfigurationPlatforms) = preSolution
		Debug|Any CPU = Debug|Any CPU
		Release|Any CPU = Release|Any CPU
	EndGlobalSection
	GlobalSection(ProjectConfigurationPlatforms) = postSolution
		{EA6558AE-955E-4531-AA71-D3992788FDE1}.Debug|Any CPU.ActiveCfg = Debug|Any CPU
		{EA6558AE-955E-4531-AA71-D3992788FDE1}.Debug|Any CPU.Build.0 = Debug|Any CPU
		{EA6558AE-955E-4531-AA71-D3992788FDE1}.Release|Any CPU.ActiveCfg = Release|Any CPU
		{EA6558AE-955E-4531-AA71-D3992788FDE1}.Release|Any CPU.Build.0 = Release|Any CPU
		{861ACD39-2D80-4AE1-8348-F3945EB84D83}.Debug|Any CPU.ActiveCfg = Debug|Any CPU
		{861ACD39-2D80-4AE1-8348-F3945EB84D83}.Debug|Any CPU.Build.0 = Debug|Any CPU
		{861ACD39-2D80-4AE1-8348-F3945EB84D83}.Release|Any CPU.ActiveCfg = Release|Any CPU
		{861ACD39-2D80-4AE1-8348-F3945EB84D83}.Release|Any CPU.Build.0 = Release|Any CPU
	EndGlobalSection
	GlobalSection(SolutionProperties) = preSolution
		HideSolutionNode = FALSE
	EndGlobalSection
	GlobalSection(ExtensibilityGlobals) = postSolution
		SolutionGuid = {25709E09-8CD3-493B-8AF5-EC1BDBE53D16}
	EndGlobalSection
EndGlobal
